{
  "name": "test_npm_package",
  "version": "0.0.1",
  "lockfileVersion": 1,
  "requires": true,
  "dependencies": {
    "acorn": {
      "version": "5.5.3",
      "resolved": "http://192.168.30.158:8081/repository/npm-registry/acorn/-/acorn-5.5.3.tgz",
      "integrity": "sha512-jd5MkIUlbbmb07nXH0DT3y7rDVtkzDi4XZOUVWAer8ajmF/DTSSbl5oNFyDOl/OXA33Bl79+ypHhl2pN20VeOQ=="
    },
    "acorn-jsx": {
      "version": "3.0.1",
      "resolved": "http://192.168.30.158:8081/repository/npm-registry/acorn-jsx/-/acorn-jsx-3.0.1.tgz",
      "integrity": "sha1-r9+UiPsezvyDSPb7IvRk4ypYs2s=",
      "requires": {
        "acorn": "3.3.0"
      },
      "dependencies": {
        "acorn": {
          "version": "3.3.0",
          "resolved": "http://192.168.30.158:8081/repository/npm-registry/acorn/-/acorn-3.3.0.tgz",
          "integrity": "sha1-ReN/s56No/JbruP/U2niu18iAXo="
        }
      }
    },
    "ansi-styles": {
      "version": "3.2.1",
      "resolved": "https://registry.npmjs.org/ansi-styles/-/ansi-styles-3.2.1.tgz",
      "integrity": "sha512-VT0ZI6kZRdTh8YyJw3SMbYm/u+NqfsAxEpWO0Pf9sq8/e94WxxOpPKx9FR1FlyCtOVDNOQ+8ntlqFxiRc+r5qA==",
      "requires": {
        "color-convert": "1.9.1"
      }
    },
    "bluebird": {
      "version": "3.5.1",
      "resolved": "https://registry.npmjs.org/bluebird/-/bluebird-3.5.1.tgz",
      "integrity": "sha512-MKiLiV+I1AA596t9w1sQJ8jkiSr5+ZKi0WKrYGUn6d1Fx+Ij4tIj+m2WMQSGczs5jZVxV339chE8iwk6F64wjA=="
    },
    "chalk": {
      "version": "2.1.0",
      "resolved": "https://registry.npmjs.org/chalk/-/chalk-2.1.0.tgz",
      "integrity": "sha512-LUHGS/dge4ujbXMJrnihYMcL4AoOweGnw9Tp3kQuqy1Kx5c1qKjqvMJZ6nVJPMWJtKCTN72ZogH3oeSO9g9rXQ==",
      "requires": {
        "ansi-styles": "3.2.1",
        "escape-string-regexp": "1.0.5",
        "supports-color": "4.5.0"
      }
    },
    "color-convert": {
      "version": "1.9.1",
      "resolved": "https://registry.npmjs.org/color-convert/-/color-convert-1.9.1.tgz",
      "integrity": "sha512-mjGanIiwQJskCC18rPR6OmrZ6fm2Lc7PeGFYwCmy5J34wC6F1PzdGL6xeMfmgicfYcNLGuVFA3WzXtIDCQSZxQ==",
      "requires": {
        "color-name": "1.1.3"
      }
    },
    "color-name": {
      "version": "1.1.3",
      "resolved": "https://registry.npmjs.org/color-name/-/color-name-1.1.3.tgz",
      "integrity": "sha1-p9BVi9icQveV3UIyj3QIMcpTvCU="
    },
    "debug": {
      "version": "3.1.0",
      "resolved": "https://registry.npmjs.org/debug/-/debug-3.1.0.tgz",
      "integrity": "sha512-OX8XqP7/1a9cqkxYw2yXss15f26NKWBpDXQd0/uK/KPqdQhxbPa994hnzjcE2VqQpDslf55723cKPUOGSmMY3g==",
      "requires": {
        "ms": "2.0.0"
      }
    },
    "escape-string-regexp": {
      "version": "1.0.5",
      "resolved": "https://registry.npmjs.org/escape-string-regexp/-/escape-string-regexp-1.0.5.tgz",
      "integrity": "sha1-G2HAViGQqN/2rjuyzwIAyhMLhtQ="
    },
    "eslint-config-vue": {
      "version": "2.0.2",
      "resolved": "http://192.168.30.158:8081/repository/npm-registry/eslint-config-vue/-/eslint-config-vue-2.0.2.tgz",
      "integrity": "sha1-o6sQBImeSTJ6lMY+JNR6OWsvSEg="
    },
    "eslint-plugin-vue": {
      "version": "4.5.0",
      "resolved": "http://192.168.30.158:8081/repository/npm-registry/eslint-plugin-vue/-/eslint-plugin-vue-4.5.0.tgz",
      "integrity": "sha512-2CDidjAZ875tbJgtjKihIQRkqxgk3gVUDOAW2e9dP+Kf39jhCwKy6aMXIsHRKCPjRqQhDWF0jtVRNcywBFWTZA==",
      "requires": {
        "vue-eslint-parser": "2.0.3"
      }
    },
    "eslint-scope": {
      "version": "3.7.1",
      "resolved": "http://192.168.30.158:8081/repository/npm-registry/eslint-scope/-/eslint-scope-3.7.1.tgz",
      "integrity": "sha1-PWPD7f2gLgbgGkUq2IyqzHzctug=",
      "requires": {
        "esrecurse": "4.2.1",
        "estraverse": "4.2.0"
      }
    },
    "eslint-visitor-keys": {
      "version": "1.0.0",
      "resolved": "http://192.168.30.158:8081/repository/npm-registry/eslint-visitor-keys/-/eslint-visitor-keys-1.0.0.tgz",
      "integrity": "sha512-qzm/XxIbxm/FHyH341ZrbnMUpe+5Bocte9xkmFMzPMjRaZMcXww+MpBptFvtU+79L362nqiLhekCxCxDPaUMBQ=="
    },
    "espree": {
      "version": "3.5.4",
      "resolved": "http://192.168.30.158:8081/repository/npm-registry/espree/-/espree-3.5.4.tgz",
      "integrity": "sha512-yAcIQxtmMiB/jL32dzEp2enBeidsB7xWPLNiw3IIkpVds1P+h7qF9YwJq1yUNzp2OKXgAprs4F61ih66UsoD1A==",
      "requires": {
        "acorn": "5.5.3",
        "acorn-jsx": "3.0.1"
      }
    },
    "esquery": {
      "version": "1.0.1",
      "resolved": "http://192.168.30.158:8081/repository/npm-registry/esquery/-/esquery-1.0.1.tgz",
      "integrity": "sha512-SmiyZ5zIWH9VM+SRUReLS5Q8a7GxtRdxEBVZpm98rJM7Sb+A9DVCndXfkeFUd3byderg+EbDkfnevfCwynWaNA==",
      "requires": {
        "estraverse": "4.2.0"
      }
    },
    "esrecurse": {
      "version": "4.2.1",
      "resolved": "http://192.168.30.158:8081/repository/npm-registry/esrecurse/-/esrecurse-4.2.1.tgz",
      "integrity": "sha512-64RBB++fIOAXPw3P9cy89qfMlvZEXZkqqJkjqqXIvzP5ezRZjW+lPWjw35UX/3EhUPFYbg5ER4JYgDw4007/DQ==",
      "requires": {
        "estraverse": "4.2.0"
      }
    },
    "estraverse": {
      "version": "4.2.0",
      "resolved": "http://192.168.30.158:8081/repository/npm-registry/estraverse/-/estraverse-4.2.0.tgz",
      "integrity": "sha1-De4/7TH81GlhjOc0IJn8GvoL2xM="
    },
    "has-flag": {
      "version": "2.0.0",
      "resolved": "https://registry.npmjs.org/has-flag/-/has-flag-2.0.0.tgz",
      "integrity": "sha1-6CB68cx7MNRGzHC3NLXovhj4jVE="
    },
    "lodash": {
      "version": "4.17.5",
      "resolved": "http://192.168.30.158:8081/repository/npm-registry/lodash/-/lodash-4.17.5.tgz",
      "integrity": "sha512-svL3uiZf1RwhH+cWrfZn3A4+U58wbP0tGVTLQPbjplZxZ8ROD9VLuNgsRniTlLe7OlSqR79RUehXgpBW/s0IQw=="
    },
    "ms": {
      "version": "2.0.0",
      "resolved": "https://registry.npmjs.org/ms/-/ms-2.0.0.tgz",
      "integrity": "sha1-VgiurfwAvmwpAd9fmGF4jeDVl8g="
    },
    "node-cmd": {
      "version": "3.0.0",
      "resolved": "http://192.168.30.158:8081/repository/npm-registry/node-cmd/-/node-cmd-3.0.0.tgz",
      "integrity": "sha1-OP/3CkqqT2WdID61eGJzcBjiT28="
    },
    "node-run-cmd": {
      "version": "1.0.1",
      "resolved": "https://registry.npmjs.org/node-run-cmd/-/node-run-cmd-1.0.1.tgz",
      "integrity": "sha1-F1XBJiS9/5INj0UkLWZC4hSj1AA="
    },
    "recursive-readdir-sync": {
      "version": "1.0.6",
      "resolved": "http://192.168.30.158:8081/repository/npm-registry/recursive-readdir-sync/-/recursive-readdir-sync-1.0.6.tgz",
      "integrity": "sha1-Hb9tMvPFu4083pemxYjVR6nhPVY="
    },
    "run-git-command": {
      "version": "1.0.1",
      "resolved": "http://192.168.30.158:8081/repository/npm-registry/run-git-command/-/run-git-command-1.0.1.tgz",
      "integrity": "sha512-jQWox2c0LXUfzB2S7qZaDwYMb3qbMxZvJnr7B0oXXBdf2fQMaGlVfI6FQoCUX06+YP4uZzWFTe0y9KZ72ePsQQ=="
    },
    "simple-git": {
      "version": "1.92.0",
      "resolved": "http://192.168.30.158:8081/repository/npm-registry/simple-git/-/simple-git-1.92.0.tgz",
      "integrity": "sha1-YGFGjrfRnwFBB4/HQuYkV+kQ9Uc=",
      "requires": {
        "debug": "3.1.0"
      }
    },
    "supports-color": {
      "version": "4.5.0",
      "resolved": "https://registry.npmjs.org/supports-color/-/supports-color-4.5.0.tgz",
      "integrity": "sha1-vnoN5ITexcXN34s9WRJQRJEvY1s=",
      "requires": {
        "has-flag": "2.0.0"
      }
    },
    "vue-eslint-parser": {
      "version": "2.0.3",
      "resolved": "http://192.168.30.158:8081/repository/npm-registry/vue-eslint-parser/-/vue-eslint-parser-2.0.3.tgz",
      "integrity": "sha512-ZezcU71Owm84xVF6gfurBQUGg8WQ+WZGxgDEQu1IHFBZNx7BFZg3L1yHxrCBNNwbwFtE1GuvfJKMtb6Xuwc/Bw==",
      "requires": {
        "debug": "3.1.0",
        "eslint-scope": "3.7.1",
        "eslint-visitor-keys": "1.0.0",
        "espree": "3.5.4",
        "esquery": "1.0.1",
        "lodash": "4.17.5"
      }
    }
  }
}
